// !$*UTF8*$!
{
	archiveVersion = 1;
	classes = {
	};
	objectVersion = 56;
	objects = {

/* Begin PBXBuildFile section */
		0F15E9E52A0C9374005CF4D8 /* Workout+CoreDataClass.swift in Sources */ = {isa = PBXBuildFile; fileRef = 0F15E9DF2A0C9374005CF4D8 /* Workout+CoreDataClass.swift */; };
		0F15E9E62A0C9374005CF4D8 /* Workout+CoreDataProperties.swift in Sources */ = {isa = PBXBuildFile; fileRef = 0F15E9E02A0C9374005CF4D8 /* Workout+CoreDataProperties.swift */; };
		0F15E9E72A0C9374005CF4D8 /* Exercise+CoreDataClass.swift in Sources */ = {isa = PBXBuildFile; fileRef = 0F15E9E12A0C9374005CF4D8 /* Exercise+CoreDataClass.swift */; };
		0F15E9E82A0C9374005CF4D8 /* Exercise+CoreDataProperties.swift in Sources */ = {isa = PBXBuildFile; fileRef = 0F15E9E22A0C9374005CF4D8 /* Exercise+CoreDataProperties.swift */; };
		0F15E9E92A0C9374005CF4D8 /* ExerciseSet+CoreDataClass.swift in Sources */ = {isa = PBXBuildFile; fileRef = 0F15E9E32A0C9374005CF4D8 /* ExerciseSet+CoreDataClass.swift */; };
		0F15E9EA2A0C9374005CF4D8 /* ExerciseSet+CoreDataProperties.swift in Sources */ = {isa = PBXBuildFile; fileRef = 0F15E9E42A0C9374005CF4D8 /* ExerciseSet+CoreDataProperties.swift */; };
		0F19693B2A0391DD00D63E64 /* WorkoutTableViewCell.swift in Sources */ = {isa = PBXBuildFile; fileRef = 0F19693A2A0391DD00D63E64 /* WorkoutTableViewCell.swift */; };
		0F2FC6052A0CAA28005B4EE8 /* AddExerciseDelegate.swift in Sources */ = {isa = PBXBuildFile; fileRef = 0F2FC6042A0CAA28005B4EE8 /* AddExerciseDelegate.swift */; };
		0F37016A2A048F7300B73B95 /* AddWorkoutViewController.swift in Sources */ = {isa = PBXBuildFile; fileRef = 0F3701692A048F7300B73B95 /* AddWorkoutViewController.swift */; };
		0F3CC3582A049D4600715138 /* ScheduleTableViewController.swift in Sources */ = {isa = PBXBuildFile; fileRef = 0F3CC3572A049D4600715138 /* ScheduleTableViewController.swift */; };
		0F3CC35A2A049E7A00715138 /* WorkoutScheduleDelegate.swift in Sources */ = {isa = PBXBuildFile; fileRef = 0F3CC3592A049E7A00715138 /* WorkoutScheduleDelegate.swift */; };
		0F61C8D129FD33FF00447934 /* AppDelegate.swift in Sources */ = {isa = PBXBuildFile; fileRef = 0F61C8D029FD33FF00447934 /* AppDelegate.swift */; };
		0F61C8D329FD33FF00447934 /* SceneDelegate.swift in Sources */ = {isa = PBXBuildFile; fileRef = 0F61C8D229FD33FF00447934 /* SceneDelegate.swift */; };
		0F61C8D529FD33FF00447934 /* ViewController.swift in Sources */ = {isa = PBXBuildFile; fileRef = 0F61C8D429FD33FF00447934 /* ViewController.swift */; };
		0F61C8D829FD33FF00447934 /* Main.storyboard in Resources */ = {isa = PBXBuildFile; fileRef = 0F61C8D629FD33FF00447934 /* Main.storyboard */; };
		0F61C8DA29FD340000447934 /* Assets.xcassets in Resources */ = {isa = PBXBuildFile; fileRef = 0F61C8D929FD340000447934 /* Assets.xcassets */; };
		0F61C8DD29FD340000447934 /* LaunchScreen.storyboard in Resources */ = {isa = PBXBuildFile; fileRef = 0F61C8DB29FD340000447934 /* LaunchScreen.storyboard */; };
		0F708B962A0B870E001A1FC0 /* AddExerciseTableViewController.swift in Sources */ = {isa = PBXBuildFile; fileRef = 0F708B952A0B870E001A1FC0 /* AddExerciseTableViewController.swift */; };
		0F71CB632A04AF080034F91A /* AddWorkoutDelegate.swift in Sources */ = {isa = PBXBuildFile; fileRef = 0F71CB622A04AF080034F91A /* AddWorkoutDelegate.swift */; };
		0F7586F12A0C9C5C0027861E /* ConfigureExercisesDelegate.swift in Sources */ = {isa = PBXBuildFile; fileRef = 0F7586F02A0C9C5C0027861E /* ConfigureExercisesDelegate.swift */; };
		0F7586F32A0C9D4D0027861E /* ConfigureExerciseViewController.swift in Sources */ = {isa = PBXBuildFile; fileRef = 0F7586F22A0C9D4D0027861E /* ConfigureExerciseViewController.swift */; };
		0F8821EE2A0CCCB400DD94C0 /* EditExerciseDelegate.swift in Sources */ = {isa = PBXBuildFile; fileRef = 0F8821ED2A0CCCB400DD94C0 /* EditExerciseDelegate.swift */; };
		0F8821F02A0CD06800DD94C0 /* ExerciseSetStruct.swift in Sources */ = {isa = PBXBuildFile; fileRef = 0F8821EF2A0CD06800DD94C0 /* ExerciseSetStruct.swift */; };
		0F8821F22A0CD80300DD94C0 /* SetTableViewCell.swift in Sources */ = {isa = PBXBuildFile; fileRef = 0F8821F12A0CD80300DD94C0 /* SetTableViewCell.swift */; };
		0F9C60482A0B5AD10083B700 /* FirebaseController.swift in Sources */ = {isa = PBXBuildFile; fileRef = 0F9C60472A0B5AD10083B700 /* FirebaseController.swift */; };
		0F9C604B2A0B5E7E0083B700 /* FirebaseAuth in Frameworks */ = {isa = PBXBuildFile; productRef = 0F9C604A2A0B5E7E0083B700 /* FirebaseAuth */; };
		0F9C604D2A0B5E7E0083B700 /* FirebaseFirestore in Frameworks */ = {isa = PBXBuildFile; productRef = 0F9C604C2A0B5E7E0083B700 /* FirebaseFirestore */; };
		0F9C604F2A0B5E7E0083B700 /* FirebaseFirestoreSwift in Frameworks */ = {isa = PBXBuildFile; productRef = 0F9C604E2A0B5E7E0083B700 /* FirebaseFirestoreSwift */; };
		0F9C60512A0B5F0F0083B700 /* GoogleService-Info.plist in Resources */ = {isa = PBXBuildFile; fileRef = 0F9C60502A0B5F0F0083B700 /* GoogleService-Info.plist */; };
		0F9C60532A0B613E0083B700 /* Workout.swift in Sources */ = {isa = PBXBuildFile; fileRef = 0F9C60522A0B613E0083B700 /* Workout.swift */; };
		0F9C60552A0B614B0083B700 /* Exercise.swift in Sources */ = {isa = PBXBuildFile; fileRef = 0F9C60542A0B614B0083B700 /* Exercise.swift */; };
		0FA1924B2A032C15006EEB79 /* DataModel.xcdatamodeld in Sources */ = {isa = PBXBuildFile; fileRef = 0FA192492A032C15006EEB79 /* DataModel.xcdatamodeld */; };
		0FA192562A033459006EEB79 /* MulticastDelegate.swift in Sources */ = {isa = PBXBuildFile; fileRef = 0FA192552A033459006EEB79 /* MulticastDelegate.swift */; };
		0FA192582A033481006EEB79 /* DatabaseProtocol.swift in Sources */ = {isa = PBXBuildFile; fileRef = 0FA192572A033481006EEB79 /* DatabaseProtocol.swift */; };
		0FA1925A2A033860006EEB79 /* CoreDataController.swift in Sources */ = {isa = PBXBuildFile; fileRef = 0FA192592A033860006EEB79 /* CoreDataController.swift */; };
		0FA1925D2A034782006EEB79 /* WeekDates.swift in Sources */ = {isa = PBXBuildFile; fileRef = 0FA1925C2A034782006EEB79 /* WeekDates.swift */; };
		0FA1925F2A0352BD006EEB79 /* HomeViewController.swift in Sources */ = {isa = PBXBuildFile; fileRef = 0FA1925E2A0352BD006EEB79 /* HomeViewController.swift */; };
		0FA731362A0CC5A4003EB4B3 /* CreateExerciseViewController.swift in Sources */ = {isa = PBXBuildFile; fileRef = 0FA731352A0CC5A4003EB4B3 /* CreateExerciseViewController.swift */; };
		0FA731382A0CC9A9003EB4B3 /* EditExerciseTableViewController.swift in Sources */ = {isa = PBXBuildFile; fileRef = 0FA731372A0CC9A9003EB4B3 /* EditExerciseTableViewController.swift */; };
/* End PBXBuildFile section */

/* Begin PBXContainerItemProxy section */
		0F61C8E429FD340000447934 /* PBXContainerItemProxy */ = {
			isa = PBXContainerItemProxy;
			containerPortal = 0F61C8C529FD33FF00447934 /* Project object */;
			proxyType = 1;
			remoteGlobalIDString = 0F61C8CC29FD33FF00447934;
			remoteInfo = fit3178_final_assessment;
		};
		0F61C8EE29FD340000447934 /* PBXContainerItemProxy */ = {
			isa = PBXContainerItemProxy;
			containerPortal = 0F61C8C529FD33FF00447934 /* Project object */;
			proxyType = 1;
			remoteGlobalIDString = 0F61C8CC29FD33FF00447934;
			remoteInfo = fit3178_final_assessment;
		};
/* End PBXContainerItemProxy section */

/* Begin PBXFileReference section */
		0F15E9DF2A0C9374005CF4D8 /* Workout+CoreDataClass.swift */ = {isa = PBXFileReference; lastKnownFileType = sourcecode.swift; path = "Workout+CoreDataClass.swift"; sourceTree = SOURCE_ROOT; };
		0F15E9E02A0C9374005CF4D8 /* Workout+CoreDataProperties.swift */ = {isa = PBXFileReference; lastKnownFileType = sourcecode.swift; path = "Workout+CoreDataProperties.swift"; sourceTree = SOURCE_ROOT; };
		0F15E9E12A0C9374005CF4D8 /* Exercise+CoreDataClass.swift */ = {isa = PBXFileReference; lastKnownFileType = sourcecode.swift; path = "Exercise+CoreDataClass.swift"; sourceTree = SOURCE_ROOT; };
		0F15E9E22A0C9374005CF4D8 /* Exercise+CoreDataProperties.swift */ = {isa = PBXFileReference; lastKnownFileType = sourcecode.swift; path = "Exercise+CoreDataProperties.swift"; sourceTree = SOURCE_ROOT; };
		0F15E9E32A0C9374005CF4D8 /* ExerciseSet+CoreDataClass.swift */ = {isa = PBXFileReference; lastKnownFileType = sourcecode.swift; path = "ExerciseSet+CoreDataClass.swift"; sourceTree = SOURCE_ROOT; };
		0F15E9E42A0C9374005CF4D8 /* ExerciseSet+CoreDataProperties.swift */ = {isa = PBXFileReference; lastKnownFileType = sourcecode.swift; path = "ExerciseSet+CoreDataProperties.swift"; sourceTree = SOURCE_ROOT; };
		0F19693A2A0391DD00D63E64 /* WorkoutTableViewCell.swift */ = {isa = PBXFileReference; lastKnownFileType = sourcecode.swift; path = WorkoutTableViewCell.swift; sourceTree = "<group>"; };
		0F2FC6042A0CAA28005B4EE8 /* AddExerciseDelegate.swift */ = {isa = PBXFileReference; lastKnownFileType = sourcecode.swift; path = AddExerciseDelegate.swift; sourceTree = "<group>"; };
		0F3701692A048F7300B73B95 /* AddWorkoutViewController.swift */ = {isa = PBXFileReference; lastKnownFileType = sourcecode.swift; path = AddWorkoutViewController.swift; sourceTree = "<group>"; };
		0F3CC3572A049D4600715138 /* ScheduleTableViewController.swift */ = {isa = PBXFileReference; lastKnownFileType = sourcecode.swift; path = ScheduleTableViewController.swift; sourceTree = "<group>"; };
		0F3CC3592A049E7A00715138 /* WorkoutScheduleDelegate.swift */ = {isa = PBXFileReference; lastKnownFileType = sourcecode.swift; path = WorkoutScheduleDelegate.swift; sourceTree = "<group>"; };
		0F61C8CD29FD33FF00447934 /* fit3178_final_assessment.app */ = {isa = PBXFileReference; explicitFileType = wrapper.application; includeInIndex = 0; path = fit3178_final_assessment.app; sourceTree = BUILT_PRODUCTS_DIR; };
		0F61C8D029FD33FF00447934 /* AppDelegate.swift */ = {isa = PBXFileReference; lastKnownFileType = sourcecode.swift; path = AppDelegate.swift; sourceTree = "<group>"; };
		0F61C8D229FD33FF00447934 /* SceneDelegate.swift */ = {isa = PBXFileReference; lastKnownFileType = sourcecode.swift; path = SceneDelegate.swift; sourceTree = "<group>"; };
		0F61C8D429FD33FF00447934 /* ViewController.swift */ = {isa = PBXFileReference; lastKnownFileType = sourcecode.swift; path = ViewController.swift; sourceTree = "<group>"; };
		0F61C8D729FD33FF00447934 /* Base */ = {isa = PBXFileReference; lastKnownFileType = file.storyboard; name = Base; path = Base.lproj/Main.storyboard; sourceTree = "<group>"; };
		0F61C8D929FD340000447934 /* Assets.xcassets */ = {isa = PBXFileReference; lastKnownFileType = folder.assetcatalog; path = Assets.xcassets; sourceTree = "<group>"; };
		0F61C8DC29FD340000447934 /* Base */ = {isa = PBXFileReference; lastKnownFileType = file.storyboard; name = Base; path = Base.lproj/LaunchScreen.storyboard; sourceTree = "<group>"; };
		0F61C8DE29FD340000447934 /* Info.plist */ = {isa = PBXFileReference; lastKnownFileType = text.plist.xml; path = Info.plist; sourceTree = "<group>"; };
		0F61C8E329FD340000447934 /* fit3178_final_assessmentTests.xctest */ = {isa = PBXFileReference; explicitFileType = wrapper.cfbundle; includeInIndex = 0; path = fit3178_final_assessmentTests.xctest; sourceTree = BUILT_PRODUCTS_DIR; };
		0F61C8ED29FD340000447934 /* fit3178_final_assessmentUITests.xctest */ = {isa = PBXFileReference; explicitFileType = wrapper.cfbundle; includeInIndex = 0; path = fit3178_final_assessmentUITests.xctest; sourceTree = BUILT_PRODUCTS_DIR; };
		0F708B952A0B870E001A1FC0 /* AddExerciseTableViewController.swift */ = {isa = PBXFileReference; lastKnownFileType = sourcecode.swift; path = AddExerciseTableViewController.swift; sourceTree = "<group>"; };
		0F708B972A0B87FE001A1FC0 /* NotesAndTODO.md */ = {isa = PBXFileReference; lastKnownFileType = net.daringfireball.markdown; path = NotesAndTODO.md; sourceTree = "<group>"; };
		0F71CB622A04AF080034F91A /* AddWorkoutDelegate.swift */ = {isa = PBXFileReference; lastKnownFileType = sourcecode.swift; path = AddWorkoutDelegate.swift; sourceTree = "<group>"; };
		0F7586F02A0C9C5C0027861E /* ConfigureExercisesDelegate.swift */ = {isa = PBXFileReference; lastKnownFileType = sourcecode.swift; path = ConfigureExercisesDelegate.swift; sourceTree = "<group>"; };
		0F7586F22A0C9D4D0027861E /* ConfigureExerciseViewController.swift */ = {isa = PBXFileReference; lastKnownFileType = sourcecode.swift; path = ConfigureExerciseViewController.swift; sourceTree = "<group>"; };
		0F8821ED2A0CCCB400DD94C0 /* EditExerciseDelegate.swift */ = {isa = PBXFileReference; lastKnownFileType = sourcecode.swift; path = EditExerciseDelegate.swift; sourceTree = "<group>"; };
		0F8821EF2A0CD06800DD94C0 /* ExerciseSetStruct.swift */ = {isa = PBXFileReference; lastKnownFileType = sourcecode.swift; path = ExerciseSetStruct.swift; sourceTree = "<group>"; };
		0F8821F12A0CD80300DD94C0 /* SetTableViewCell.swift */ = {isa = PBXFileReference; lastKnownFileType = sourcecode.swift; path = SetTableViewCell.swift; sourceTree = "<group>"; };
		0F9C60472A0B5AD10083B700 /* FirebaseController.swift */ = {isa = PBXFileReference; lastKnownFileType = sourcecode.swift; path = FirebaseController.swift; sourceTree = "<group>"; };
		0F9C60502A0B5F0F0083B700 /* GoogleService-Info.plist */ = {isa = PBXFileReference; fileEncoding = 4; lastKnownFileType = text.plist.xml; name = "GoogleService-Info.plist"; path = "../../GoogleService-Info.plist"; sourceTree = "<group>"; };
		0F9C60522A0B613E0083B700 /* Workout.swift */ = {isa = PBXFileReference; lastKnownFileType = sourcecode.swift; path = Workout.swift; sourceTree = "<group>"; };
		0F9C60542A0B614B0083B700 /* Exercise.swift */ = {isa = PBXFileReference; lastKnownFileType = sourcecode.swift; path = Exercise.swift; sourceTree = "<group>"; };
		0FA1924A2A032C15006EEB79 /* DataModel.xcdatamodel */ = {isa = PBXFileReference; lastKnownFileType = wrapper.xcdatamodel; path = DataModel.xcdatamodel; sourceTree = "<group>"; };
		0FA192552A033459006EEB79 /* MulticastDelegate.swift */ = {isa = PBXFileReference; lastKnownFileType = sourcecode.swift; path = MulticastDelegate.swift; sourceTree = "<group>"; };
		0FA192572A033481006EEB79 /* DatabaseProtocol.swift */ = {isa = PBXFileReference; lastKnownFileType = sourcecode.swift; path = DatabaseProtocol.swift; sourceTree = "<group>"; };
		0FA192592A033860006EEB79 /* CoreDataController.swift */ = {isa = PBXFileReference; lastKnownFileType = sourcecode.swift; path = CoreDataController.swift; sourceTree = "<group>"; };
		0FA1925C2A034782006EEB79 /* WeekDates.swift */ = {isa = PBXFileReference; lastKnownFileType = sourcecode.swift; path = WeekDates.swift; sourceTree = "<group>"; };
		0FA1925E2A0352BD006EEB79 /* HomeViewController.swift */ = {isa = PBXFileReference; lastKnownFileType = sourcecode.swift; path = HomeViewController.swift; sourceTree = "<group>"; };
		0FA731352A0CC5A4003EB4B3 /* CreateExerciseViewController.swift */ = {isa = PBXFileReference; lastKnownFileType = sourcecode.swift; path = CreateExerciseViewController.swift; sourceTree = "<group>"; };
		0FA731372A0CC9A9003EB4B3 /* EditExerciseTableViewController.swift */ = {isa = PBXFileReference; lastKnownFileType = sourcecode.swift; path = EditExerciseTableViewController.swift; sourceTree = "<group>"; };
/* End PBXFileReference section */

/* Begin PBXFrameworksBuildPhase section */
		0F61C8CA29FD33FF00447934 /* Frameworks */ = {
			isa = PBXFrameworksBuildPhase;
			buildActionMask = 2147483647;
			files = (
				0F9C604B2A0B5E7E0083B700 /* FirebaseAuth in Frameworks */,
				0F9C604D2A0B5E7E0083B700 /* FirebaseFirestore in Frameworks */,
				0F9C604F2A0B5E7E0083B700 /* FirebaseFirestoreSwift in Frameworks */,
			);
			runOnlyForDeploymentPostprocessing = 0;
		};
		0F61C8E029FD340000447934 /* Frameworks */ = {
			isa = PBXFrameworksBuildPhase;
			buildActionMask = 2147483647;
			files = (
			);
			runOnlyForDeploymentPostprocessing = 0;
		};
		0F61C8EA29FD340000447934 /* Frameworks */ = {
			isa = PBXFrameworksBuildPhase;
			buildActionMask = 2147483647;
			files = (
			);
			runOnlyForDeploymentPostprocessing = 0;
		};
/* End PBXFrameworksBuildPhase section */

/* Begin PBXGroup section */
		0F2FC6062A0CAA2E005B4EE8 /* Protocols */ = {
			isa = PBXGroup;
			children = (
				0F2FC6042A0CAA28005B4EE8 /* AddExerciseDelegate.swift */,
				0F7586F02A0C9C5C0027861E /* ConfigureExercisesDelegate.swift */,
				0F8821ED2A0CCCB400DD94C0 /* EditExerciseDelegate.swift */,
			);
			path = Protocols;
			sourceTree = "<group>";
		};
		0F3CC35B2A049E8400715138 /* Schedule */ = {
			isa = PBXGroup;
			children = (
				0FA1925C2A034782006EEB79 /* WeekDates.swift */,
				0F3CC3572A049D4600715138 /* ScheduleTableViewController.swift */,
				0F3CC3592A049E7A00715138 /* WorkoutScheduleDelegate.swift */,
				0F71CB622A04AF080034F91A /* AddWorkoutDelegate.swift */,
			);
			path = Schedule;
			sourceTree = "<group>";
		};
		0F61C8C429FD33FF00447934 = {
			isa = PBXGroup;
			children = (
				0F61C8CF29FD33FF00447934 /* fit3178_final_assessment */,
				0F61C8CE29FD33FF00447934 /* Products */,
			);
			sourceTree = "<group>";
		};
		0F61C8CE29FD33FF00447934 /* Products */ = {
			isa = PBXGroup;
			children = (
				0F61C8CD29FD33FF00447934 /* fit3178_final_assessment.app */,
				0F61C8E329FD340000447934 /* fit3178_final_assessmentTests.xctest */,
				0F61C8ED29FD340000447934 /* fit3178_final_assessmentUITests.xctest */,
			);
			name = Products;
			sourceTree = "<group>";
		};
		0F61C8CF29FD33FF00447934 /* fit3178_final_assessment */ = {
			isa = PBXGroup;
			children = (
				0F9C60502A0B5F0F0083B700 /* GoogleService-Info.plist */,
				0FA1925B2A034308006EEB79 /* ViewControllers */,
				0FA192542A033444006EEB79 /* Database */,
				0FA192482A032BE8006EEB79 /* DataModel */,
				0F61C8D029FD33FF00447934 /* AppDelegate.swift */,
				0F61C8D229FD33FF00447934 /* SceneDelegate.swift */,
				0F61C8D429FD33FF00447934 /* ViewController.swift */,
				0F61C8D629FD33FF00447934 /* Main.storyboard */,
				0F61C8D929FD340000447934 /* Assets.xcassets */,
				0F61C8DB29FD340000447934 /* LaunchScreen.storyboard */,
				0F61C8DE29FD340000447934 /* Info.plist */,
				0F708B972A0B87FE001A1FC0 /* NotesAndTODO.md */,
			);
			path = fit3178_final_assessment;
			sourceTree = "<group>";
		};
		0F9C60462A0B593D0083B700 /* FirebaseModel */ = {
			isa = PBXGroup;
			children = (
				0F9C60522A0B613E0083B700 /* Workout.swift */,
				0F9C60542A0B614B0083B700 /* Exercise.swift */,
			);
			path = FirebaseModel;
			sourceTree = "<group>";
		};
		0FA192482A032BE8006EEB79 /* DataModel */ = {
			isa = PBXGroup;
			children = (
				0F15E9DF2A0C9374005CF4D8 /* Workout+CoreDataClass.swift */,
				0F15E9E02A0C9374005CF4D8 /* Workout+CoreDataProperties.swift */,
				0F15E9E12A0C9374005CF4D8 /* Exercise+CoreDataClass.swift */,
				0F15E9E22A0C9374005CF4D8 /* Exercise+CoreDataProperties.swift */,
				0F15E9E32A0C9374005CF4D8 /* ExerciseSet+CoreDataClass.swift */,
				0F15E9E42A0C9374005CF4D8 /* ExerciseSet+CoreDataProperties.swift */,
				0F9C60462A0B593D0083B700 /* FirebaseModel */,
				0FA192492A032C15006EEB79 /* DataModel.xcdatamodeld */,
			);
			path = DataModel;
			sourceTree = "<group>";
		};
		0FA192542A033444006EEB79 /* Database */ = {
			isa = PBXGroup;
			children = (
				0FA192552A033459006EEB79 /* MulticastDelegate.swift */,
				0FA192572A033481006EEB79 /* DatabaseProtocol.swift */,
				0FA192592A033860006EEB79 /* CoreDataController.swift */,
				0F9C60472A0B5AD10083B700 /* FirebaseController.swift */,
			);
			path = Database;
			sourceTree = "<group>";
		};
		0FA1925B2A034308006EEB79 /* ViewControllers */ = {
			isa = PBXGroup;
			children = (
				0FA838322A0C7DCE0095DAC0 /* Exercise */,
				0F3CC35B2A049E8400715138 /* Schedule */,
				0FA1925E2A0352BD006EEB79 /* HomeViewController.swift */,
				0F19693A2A0391DD00D63E64 /* WorkoutTableViewCell.swift */,
				0F3701692A048F7300B73B95 /* AddWorkoutViewController.swift */,
			);
			path = ViewControllers;
			sourceTree = "<group>";
		};
		0FA838322A0C7DCE0095DAC0 /* Exercise */ = {
			isa = PBXGroup;
			children = (
				0F2FC6062A0CAA2E005B4EE8 /* Protocols */,
				0F708B952A0B870E001A1FC0 /* AddExerciseTableViewController.swift */,
				0F7586F22A0C9D4D0027861E /* ConfigureExerciseViewController.swift */,
				0FA731352A0CC5A4003EB4B3 /* CreateExerciseViewController.swift */,
				0FA731372A0CC9A9003EB4B3 /* EditExerciseTableViewController.swift */,
				0F8821EF2A0CD06800DD94C0 /* ExerciseSetStruct.swift */,
				0F8821F12A0CD80300DD94C0 /* SetTableViewCell.swift */,
			);
			path = Exercise;
			sourceTree = "<group>";
		};
/* End PBXGroup section */

/* Begin PBXNativeTarget section */
		0F61C8CC29FD33FF00447934 /* fit3178_final_assessment */ = {
			isa = PBXNativeTarget;
			buildConfigurationList = 0F61C8F729FD340000447934 /* Build configuration list for PBXNativeTarget "fit3178_final_assessment" */;
			buildPhases = (
				0F61C8C929FD33FF00447934 /* Sources */,
				0F61C8CA29FD33FF00447934 /* Frameworks */,
				0F61C8CB29FD33FF00447934 /* Resources */,
			);
			buildRules = (
			);
			dependencies = (
			);
			name = fit3178_final_assessment;
			packageProductDependencies = (
				0F9C604A2A0B5E7E0083B700 /* FirebaseAuth */,
				0F9C604C2A0B5E7E0083B700 /* FirebaseFirestore */,
				0F9C604E2A0B5E7E0083B700 /* FirebaseFirestoreSwift */,
			);
			productName = fit3178_final_assessment;
			productReference = 0F61C8CD29FD33FF00447934 /* fit3178_final_assessment.app */;
			productType = "com.apple.product-type.application";
		};
		0F61C8E229FD340000447934 /* fit3178_final_assessmentTests */ = {
			isa = PBXNativeTarget;
			buildConfigurationList = 0F61C8FA29FD340000447934 /* Build configuration list for PBXNativeTarget "fit3178_final_assessmentTests" */;
			buildPhases = (
				0F61C8DF29FD340000447934 /* Sources */,
				0F61C8E029FD340000447934 /* Frameworks */,
				0F61C8E129FD340000447934 /* Resources */,
			);
			buildRules = (
			);
			dependencies = (
				0F61C8E529FD340000447934 /* PBXTargetDependency */,
			);
			name = fit3178_final_assessmentTests;
			productName = fit3178_final_assessmentTests;
			productReference = 0F61C8E329FD340000447934 /* fit3178_final_assessmentTests.xctest */;
			productType = "com.apple.product-type.bundle.unit-test";
		};
		0F61C8EC29FD340000447934 /* fit3178_final_assessmentUITests */ = {
			isa = PBXNativeTarget;
			buildConfigurationList = 0F61C8FD29FD340000447934 /* Build configuration list for PBXNativeTarget "fit3178_final_assessmentUITests" */;
			buildPhases = (
				0F61C8E929FD340000447934 /* Sources */,
				0F61C8EA29FD340000447934 /* Frameworks */,
				0F61C8EB29FD340000447934 /* Resources */,
			);
			buildRules = (
			);
			dependencies = (
				0F61C8EF29FD340000447934 /* PBXTargetDependency */,
			);
			name = fit3178_final_assessmentUITests;
			productName = fit3178_final_assessmentUITests;
			productReference = 0F61C8ED29FD340000447934 /* fit3178_final_assessmentUITests.xctest */;
			productType = "com.apple.product-type.bundle.ui-testing";
		};
/* End PBXNativeTarget section */

/* Begin PBXProject section */
		0F61C8C529FD33FF00447934 /* Project object */ = {
			isa = PBXProject;
			attributes = {
				BuildIndependentTargetsInParallel = 1;
				LastSwiftUpdateCheck = 1410;
				LastUpgradeCheck = 1410;
				TargetAttributes = {
					0F61C8CC29FD33FF00447934 = {
						CreatedOnToolsVersion = 14.1;
					};
					0F61C8E229FD340000447934 = {
						CreatedOnToolsVersion = 14.1;
						TestTargetID = 0F61C8CC29FD33FF00447934;
					};
					0F61C8EC29FD340000447934 = {
						CreatedOnToolsVersion = 14.1;
						TestTargetID = 0F61C8CC29FD33FF00447934;
					};
				};
			};
			buildConfigurationList = 0F61C8C829FD33FF00447934 /* Build configuration list for PBXProject "fit3178_final_assessment" */;
			compatibilityVersion = "Xcode 14.0";
			developmentRegion = en;
			hasScannedForEncodings = 0;
			knownRegions = (
				en,
				Base,
			);
			mainGroup = 0F61C8C429FD33FF00447934;
			packageReferences = (
				0F9C60492A0B5E7E0083B700 /* XCRemoteSwiftPackageReference "firebase-ios-sdk" */,
			);
			productRefGroup = 0F61C8CE29FD33FF00447934 /* Products */;
			projectDirPath = "";
			projectRoot = "";
			targets = (
				0F61C8CC29FD33FF00447934 /* fit3178_final_assessment */,
				0F61C8E229FD340000447934 /* fit3178_final_assessmentTests */,
				0F61C8EC29FD340000447934 /* fit3178_final_assessmentUITests */,
			);
		};
/* End PBXProject section */

/* Begin PBXResourcesBuildPhase section */
		0F61C8CB29FD33FF00447934 /* Resources */ = {
			isa = PBXResourcesBuildPhase;
			buildActionMask = 2147483647;
			files = (
				0F61C8DD29FD340000447934 /* LaunchScreen.storyboard in Resources */,
				0F9C60512A0B5F0F0083B700 /* GoogleService-Info.plist in Resources */,
				0F61C8DA29FD340000447934 /* Assets.xcassets in Resources */,
				0F61C8D829FD33FF00447934 /* Main.storyboard in Resources */,
			);
			runOnlyForDeploymentPostprocessing = 0;
		};
		0F61C8E129FD340000447934 /* Resources */ = {
			isa = PBXResourcesBuildPhase;
			buildActionMask = 2147483647;
			files = (
			);
			runOnlyForDeploymentPostprocessing = 0;
		};
		0F61C8EB29FD340000447934 /* Resources */ = {
			isa = PBXResourcesBuildPhase;
			buildActionMask = 2147483647;
			files = (
			);
			runOnlyForDeploymentPostprocessing = 0;
		};
/* End PBXResourcesBuildPhase section */

/* Begin PBXSourcesBuildPhase section */
		0F61C8C929FD33FF00447934 /* Sources */ = {
			isa = PBXSourcesBuildPhase;
			buildActionMask = 2147483647;
			files = (
				0F8821F22A0CD80300DD94C0 /* SetTableViewCell.swift in Sources */,
				0F15E9EA2A0C9374005CF4D8 /* ExerciseSet+CoreDataProperties.swift in Sources */,
				0F71CB632A04AF080034F91A /* AddWorkoutDelegate.swift in Sources */,
				0F8821EE2A0CCCB400DD94C0 /* EditExerciseDelegate.swift in Sources */,
				0F15E9E52A0C9374005CF4D8 /* Workout+CoreDataClass.swift in Sources */,
				0F3CC3582A049D4600715138 /* ScheduleTableViewController.swift in Sources */,
				0F9C60532A0B613E0083B700 /* Workout.swift in Sources */,
				0F3CC35A2A049E7A00715138 /* WorkoutScheduleDelegate.swift in Sources */,
				0F9C60552A0B614B0083B700 /* Exercise.swift in Sources */,
				0F61C8D529FD33FF00447934 /* ViewController.swift in Sources */,
				0F9C60482A0B5AD10083B700 /* FirebaseController.swift in Sources */,
				0FA1925D2A034782006EEB79 /* WeekDates.swift in Sources */,
				0FA192582A033481006EEB79 /* DatabaseProtocol.swift in Sources */,
				0F15E9E92A0C9374005CF4D8 /* ExerciseSet+CoreDataClass.swift in Sources */,
				0F7586F12A0C9C5C0027861E /* ConfigureExercisesDelegate.swift in Sources */,
				0FA1924B2A032C15006EEB79 /* DataModel.xcdatamodeld in Sources */,
				0F15E9E82A0C9374005CF4D8 /* Exercise+CoreDataProperties.swift in Sources */,
				0F15E9E72A0C9374005CF4D8 /* Exercise+CoreDataClass.swift in Sources */,
				0F708B962A0B870E001A1FC0 /* AddExerciseTableViewController.swift in Sources */,
				0F7586F32A0C9D4D0027861E /* ConfigureExerciseViewController.swift in Sources */,
				0FA1925A2A033860006EEB79 /* CoreDataController.swift in Sources */,
				0F2FC6052A0CAA28005B4EE8 /* AddExerciseDelegate.swift in Sources */,
				0F37016A2A048F7300B73B95 /* AddWorkoutViewController.swift in Sources */,
				0FA731382A0CC9A9003EB4B3 /* EditExerciseTableViewController.swift in Sources */,
				0F61C8D129FD33FF00447934 /* AppDelegate.swift in Sources */,
				0F61C8D329FD33FF00447934 /* SceneDelegate.swift in Sources */,
				0FA1925F2A0352BD006EEB79 /* HomeViewController.swift in Sources */,
				0FA731362A0CC5A4003EB4B3 /* CreateExerciseViewController.swift in Sources */,
				0F15E9E62A0C9374005CF4D8 /* Workout+CoreDataProperties.swift in Sources */,
				0F19693B2A0391DD00D63E64 /* WorkoutTableViewCell.swift in Sources */,
				0F8821F02A0CD06800DD94C0 /* ExerciseSetStruct.swift in Sources */,
				0FA192562A033459006EEB79 /* MulticastDelegate.swift in Sources */,
			);
			runOnlyForDeploymentPostprocessing = 0;
		};
		0F61C8DF29FD340000447934 /* Sources */ = {
			isa = PBXSourcesBuildPhase;
			buildActionMask = 2147483647;
			files = (
			);
			runOnlyForDeploymentPostprocessing = 0;
		};
		0F61C8E929FD340000447934 /* Sources */ = {
			isa = PBXSourcesBuildPhase;
			buildActionMask = 2147483647;
			files = (
			);
			runOnlyForDeploymentPostprocessing = 0;
		};
/* End PBXSourcesBuildPhase section */

/* Begin PBXTargetDependency section */
		0F61C8E529FD340000447934 /* PBXTargetDependency */ = {
			isa = PBXTargetDependency;
			target = 0F61C8CC29FD33FF00447934 /* fit3178_final_assessment */;
			targetProxy = 0F61C8E429FD340000447934 /* PBXContainerItemProxy */;
		};
		0F61C8EF29FD340000447934 /* PBXTargetDependency */ = {
			isa = PBXTargetDependency;
			target = 0F61C8CC29FD33FF00447934 /* fit3178_final_assessment */;
			targetProxy = 0F61C8EE29FD340000447934 /* PBXContainerItemProxy */;
		};
/* End PBXTargetDependency section */

/* Begin PBXVariantGroup section */
		0F61C8D629FD33FF00447934 /* Main.storyboard */ = {
			isa = PBXVariantGroup;
			children = (
				0F61C8D729FD33FF00447934 /* Base */,
			);
			name = Main.storyboard;
			sourceTree = "<group>";
		};
		0F61C8DB29FD340000447934 /* LaunchScreen.storyboard */ = {
			isa = PBXVariantGroup;
			children = (
				0F61C8DC29FD340000447934 /* Base */,
			);
			name = LaunchScreen.storyboard;
			sourceTree = "<group>";
		};
/* End PBXVariantGroup section */

/* Begin XCBuildConfiguration section */
		0F61C8F529FD340000447934 /* Debug */ = {
			isa = XCBuildConfiguration;
			buildSettings = {
				ALWAYS_SEARCH_USER_PATHS = NO;
				CLANG_ANALYZER_NONNULL = YES;
				CLANG_ANALYZER_NUMBER_OBJECT_CONVERSION = YES_AGGRESSIVE;
				CLANG_CXX_LANGUAGE_STANDARD = "gnu++20";
				CLANG_ENABLE_MODULES = YES;
				CLANG_ENABLE_OBJC_ARC = YES;
				CLANG_ENABLE_OBJC_WEAK = YES;
				CLANG_WARN_BLOCK_CAPTURE_AUTORELEASING = YES;
				CLANG_WARN_BOOL_CONVERSION = YES;
				CLANG_WARN_COMMA = YES;
				CLANG_WARN_CONSTANT_CONVERSION = YES;
				CLANG_WARN_DEPRECATED_OBJC_IMPLEMENTATIONS = YES;
				CLANG_WARN_DIRECT_OBJC_ISA_USAGE = YES_ERROR;
				CLANG_WARN_DOCUMENTATION_COMMENTS = YES;
				CLANG_WARN_EMPTY_BODY = YES;
				CLANG_WARN_ENUM_CONVERSION = YES;
				CLANG_WARN_INFINITE_RECURSION = YES;
				CLANG_WARN_INT_CONVERSION = YES;
				CLANG_WARN_NON_LITERAL_NULL_CONVERSION = YES;
				CLANG_WARN_OBJC_IMPLICIT_RETAIN_SELF = YES;
				CLANG_WARN_OBJC_LITERAL_CONVERSION = YES;
				CLANG_WARN_OBJC_ROOT_CLASS = YES_ERROR;
				CLANG_WARN_QUOTED_INCLUDE_IN_FRAMEWORK_HEADER = YES;
				CLANG_WARN_RANGE_LOOP_ANALYSIS = YES;
				CLANG_WARN_STRICT_PROTOTYPES = YES;
				CLANG_WARN_SUSPICIOUS_MOVE = YES;
				CLANG_WARN_UNGUARDED_AVAILABILITY = YES_AGGRESSIVE;
				CLANG_WARN_UNREACHABLE_CODE = YES;
				CLANG_WARN__DUPLICATE_METHOD_MATCH = YES;
				COPY_PHASE_STRIP = NO;
				DEBUG_INFORMATION_FORMAT = dwarf;
				ENABLE_STRICT_OBJC_MSGSEND = YES;
				ENABLE_TESTABILITY = YES;
				GCC_C_LANGUAGE_STANDARD = gnu11;
				GCC_DYNAMIC_NO_PIC = NO;
				GCC_NO_COMMON_BLOCKS = YES;
				GCC_OPTIMIZATION_LEVEL = 0;
				GCC_PREPROCESSOR_DEFINITIONS = (
					"DEBUG=1",
					"$(inherited)",
				);
				GCC_WARN_64_TO_32_BIT_CONVERSION = YES;
				GCC_WARN_ABOUT_RETURN_TYPE = YES_ERROR;
				GCC_WARN_UNDECLARED_SELECTOR = YES;
				GCC_WARN_UNINITIALIZED_AUTOS = YES_AGGRESSIVE;
				GCC_WARN_UNUSED_FUNCTION = YES;
				GCC_WARN_UNUSED_VARIABLE = YES;
				IPHONEOS_DEPLOYMENT_TARGET = 16.1;
				MTL_ENABLE_DEBUG_INFO = INCLUDE_SOURCE;
				MTL_FAST_MATH = YES;
				ONLY_ACTIVE_ARCH = YES;
				SDKROOT = iphoneos;
				SWIFT_ACTIVE_COMPILATION_CONDITIONS = DEBUG;
				SWIFT_OPTIMIZATION_LEVEL = "-Onone";
			};
			name = Debug;
		};
		0F61C8F629FD340000447934 /* Release */ = {
			isa = XCBuildConfiguration;
			buildSettings = {
				ALWAYS_SEARCH_USER_PATHS = NO;
				CLANG_ANALYZER_NONNULL = YES;
				CLANG_ANALYZER_NUMBER_OBJECT_CONVERSION = YES_AGGRESSIVE;
				CLANG_CXX_LANGUAGE_STANDARD = "gnu++20";
				CLANG_ENABLE_MODULES = YES;
				CLANG_ENABLE_OBJC_ARC = YES;
				CLANG_ENABLE_OBJC_WEAK = YES;
				CLANG_WARN_BLOCK_CAPTURE_AUTORELEASING = YES;
				CLANG_WARN_BOOL_CONVERSION = YES;
				CLANG_WARN_COMMA = YES;
				CLANG_WARN_CONSTANT_CONVERSION = YES;
				CLANG_WARN_DEPRECATED_OBJC_IMPLEMENTATIONS = YES;
				CLANG_WARN_DIRECT_OBJC_ISA_USAGE = YES_ERROR;
				CLANG_WARN_DOCUMENTATION_COMMENTS = YES;
				CLANG_WARN_EMPTY_BODY = YES;
				CLANG_WARN_ENUM_CONVERSION = YES;
				CLANG_WARN_INFINITE_RECURSION = YES;
				CLANG_WARN_INT_CONVERSION = YES;
				CLANG_WARN_NON_LITERAL_NULL_CONVERSION = YES;
				CLANG_WARN_OBJC_IMPLICIT_RETAIN_SELF = YES;
				CLANG_WARN_OBJC_LITERAL_CONVERSION = YES;
				CLANG_WARN_OBJC_ROOT_CLASS = YES_ERROR;
				CLANG_WARN_QUOTED_INCLUDE_IN_FRAMEWORK_HEADER = YES;
				CLANG_WARN_RANGE_LOOP_ANALYSIS = YES;
				CLANG_WARN_STRICT_PROTOTYPES = YES;
				CLANG_WARN_SUSPICIOUS_MOVE = YES;
				CLANG_WARN_UNGUARDED_AVAILABILITY = YES_AGGRESSIVE;
				CLANG_WARN_UNREACHABLE_CODE = YES;
				CLANG_WARN__DUPLICATE_METHOD_MATCH = YES;
				COPY_PHASE_STRIP = NO;
				DEBUG_INFORMATION_FORMAT = "dwarf-with-dsym";
				ENABLE_NS_ASSERTIONS = NO;
				ENABLE_STRICT_OBJC_MSGSEND = YES;
				GCC_C_LANGUAGE_STANDARD = gnu11;
				GCC_NO_COMMON_BLOCKS = YES;
				GCC_WARN_64_TO_32_BIT_CONVERSION = YES;
				GCC_WARN_ABOUT_RETURN_TYPE = YES_ERROR;
				GCC_WARN_UNDECLARED_SELECTOR = YES;
				GCC_WARN_UNINITIALIZED_AUTOS = YES_AGGRESSIVE;
				GCC_WARN_UNUSED_FUNCTION = YES;
				GCC_WARN_UNUSED_VARIABLE = YES;
				IPHONEOS_DEPLOYMENT_TARGET = 16.1;
				MTL_ENABLE_DEBUG_INFO = NO;
				MTL_FAST_MATH = YES;
				SDKROOT = iphoneos;
				SWIFT_COMPILATION_MODE = wholemodule;
				SWIFT_OPTIMIZATION_LEVEL = "-O";
				VALIDATE_PRODUCT = YES;
			};
			name = Release;
		};
		0F61C8F829FD340000447934 /* Debug */ = {
			isa = XCBuildConfiguration;
			buildSettings = {
				ASSETCATALOG_COMPILER_APPICON_NAME = AppIcon;
				ASSETCATALOG_COMPILER_GLOBAL_ACCENT_COLOR_NAME = AccentColor;
				CODE_SIGN_STYLE = Automatic;
				CURRENT_PROJECT_VERSION = 1;
				GENERATE_INFOPLIST_FILE = YES;
				INFOPLIST_FILE = fit3178_final_assessment/Info.plist;
				INFOPLIST_KEY_UIApplicationSupportsIndirectInputEvents = YES;
				INFOPLIST_KEY_UILaunchStoryboardName = LaunchScreen;
				INFOPLIST_KEY_UIMainStoryboardFile = Main;
				INFOPLIST_KEY_UISupportedInterfaceOrientations_iPad = "UIInterfaceOrientationPortrait UIInterfaceOrientationPortraitUpsideDown UIInterfaceOrientationLandscapeLeft UIInterfaceOrientationLandscapeRight";
				INFOPLIST_KEY_UISupportedInterfaceOrientations_iPhone = "UIInterfaceOrientationPortrait UIInterfaceOrientationLandscapeLeft UIInterfaceOrientationLandscapeRight";
				LD_RUNPATH_SEARCH_PATHS = (
					"$(inherited)",
					"@executable_path/Frameworks",
				);
				MARKETING_VERSION = 1.0;
				PRODUCT_BUNDLE_IDENTIFIER = "monash.fit3178-final-assessment";
				PRODUCT_NAME = "$(TARGET_NAME)";
				SWIFT_EMIT_LOC_STRINGS = YES;
				SWIFT_VERSION = 5.0;
				TARGETED_DEVICE_FAMILY = "1,2";
			};
			name = Debug;
		};
		0F61C8F929FD340000447934 /* Release */ = {
			isa = XCBuildConfiguration;
			buildSettings = {
				ASSETCATALOG_COMPILER_APPICON_NAME = AppIcon;
				ASSETCATALOG_COMPILER_GLOBAL_ACCENT_COLOR_NAME = AccentColor;
				CODE_SIGN_STYLE = Automatic;
				CURRENT_PROJECT_VERSION = 1;
				GENERATE_INFOPLIST_FILE = YES;
				INFOPLIST_FILE = fit3178_final_assessment/Info.plist;
				INFOPLIST_KEY_UIApplicationSupportsIndirectInputEvents = YES;
				INFOPLIST_KEY_UILaunchStoryboardName = LaunchScreen;
				INFOPLIST_KEY_UIMainStoryboardFile = Main;
				INFOPLIST_KEY_UISupportedInterfaceOrientations_iPad = "UIInterfaceOrientationPortrait UIInterfaceOrientationPortraitUpsideDown UIInterfaceOrientationLandscapeLeft UIInterfaceOrientationLandscapeRight";
				INFOPLIST_KEY_UISupportedInterfaceOrientations_iPhone = "UIInterfaceOrientationPortrait UIInterfaceOrientationLandscapeLeft UIInterfaceOrientationLandscapeRight";
				LD_RUNPATH_SEARCH_PATHS = (
					"$(inherited)",
					"@executable_path/Frameworks",
				);
				MARKETING_VERSION = 1.0;
				PRODUCT_BUNDLE_IDENTIFIER = "monash.fit3178-final-assessment";
				PRODUCT_NAME = "$(TARGET_NAME)";
				SWIFT_EMIT_LOC_STRINGS = YES;
				SWIFT_VERSION = 5.0;
				TARGETED_DEVICE_FAMILY = "1,2";
			};
			name = Release;
		};
		0F61C8FB29FD340000447934 /* Debug */ = {
			isa = XCBuildConfiguration;
			buildSettings = {
				ALWAYS_EMBED_SWIFT_STANDARD_LIBRARIES = YES;
				BUNDLE_LOADER = "$(TEST_HOST)";
				CODE_SIGN_STYLE = Automatic;
				CURRENT_PROJECT_VERSION = 1;
				GENERATE_INFOPLIST_FILE = YES;
				IPHONEOS_DEPLOYMENT_TARGET = 16.1;
				MARKETING_VERSION = 1.0;
				PRODUCT_BUNDLE_IDENTIFIER = "monash.fit3178-final-assessmentTests";
				PRODUCT_NAME = "$(TARGET_NAME)";
				SWIFT_EMIT_LOC_STRINGS = NO;
				SWIFT_VERSION = 5.0;
				TARGETED_DEVICE_FAMILY = "1,2";
				TEST_HOST = "$(BUILT_PRODUCTS_DIR)/fit3178_final_assessment.app/$(BUNDLE_EXECUTABLE_FOLDER_PATH)/fit3178_final_assessment";
			};
			name = Debug;
		};
		0F61C8FC29FD340000447934 /* Release */ = {
			isa = XCBuildConfiguration;
			buildSettings = {
				ALWAYS_EMBED_SWIFT_STANDARD_LIBRARIES = YES;
				BUNDLE_LOADER = "$(TEST_HOST)";
				CODE_SIGN_STYLE = Automatic;
				CURRENT_PROJECT_VERSION = 1;
				GENERATE_INFOPLIST_FILE = YES;
				IPHONEOS_DEPLOYMENT_TARGET = 16.1;
				MARKETING_VERSION = 1.0;
				PRODUCT_BUNDLE_IDENTIFIER = "monash.fit3178-final-assessmentTests";
				PRODUCT_NAME = "$(TARGET_NAME)";
				SWIFT_EMIT_LOC_STRINGS = NO;
				SWIFT_VERSION = 5.0;
				TARGETED_DEVICE_FAMILY = "1,2";
				TEST_HOST = "$(BUILT_PRODUCTS_DIR)/fit3178_final_assessment.app/$(BUNDLE_EXECUTABLE_FOLDER_PATH)/fit3178_final_assessment";
			};
			name = Release;
		};
		0F61C8FE29FD340000447934 /* Debug */ = {
			isa = XCBuildConfiguration;
			buildSettings = {
				ALWAYS_EMBED_SWIFT_STANDARD_LIBRARIES = YES;
				CODE_SIGN_STYLE = Automatic;
				CURRENT_PROJECT_VERSION = 1;
				GENERATE_INFOPLIST_FILE = YES;
				MARKETING_VERSION = 1.0;
				PRODUCT_BUNDLE_IDENTIFIER = "monash.fit3178-final-assessmentUITests";
				PRODUCT_NAME = "$(TARGET_NAME)";
				SWIFT_EMIT_LOC_STRINGS = NO;
				SWIFT_VERSION = 5.0;
				TARGETED_DEVICE_FAMILY = "1,2";
				TEST_TARGET_NAME = fit3178_final_assessment;
			};
			name = Debug;
		};
		0F61C8FF29FD340000447934 /* Release */ = {
			isa = XCBuildConfiguration;
			buildSettings = {
				ALWAYS_EMBED_SWIFT_STANDARD_LIBRARIES = YES;
				CODE_SIGN_STYLE = Automatic;
				CURRENT_PROJECT_VERSION = 1;
				GENERATE_INFOPLIST_FILE = YES;
				MARKETING_VERSION = 1.0;
				PRODUCT_BUNDLE_IDENTIFIER = "monash.fit3178-final-assessmentUITests";
				PRODUCT_NAME = "$(TARGET_NAME)";
				SWIFT_EMIT_LOC_STRINGS = NO;
				SWIFT_VERSION = 5.0;
				TARGETED_DEVICE_FAMILY = "1,2";
				TEST_TARGET_NAME = fit3178_final_assessment;
			};
			name = Release;
		};
/* End XCBuildConfiguration section */

/* Begin XCConfigurationList section */
		0F61C8C829FD33FF00447934 /* Build configuration list for PBXProject "fit3178_final_assessment" */ = {
			isa = XCConfigurationList;
			buildConfigurations = (
				0F61C8F529FD340000447934 /* Debug */,
				0F61C8F629FD340000447934 /* Release */,
			);
			defaultConfigurationIsVisible = 0;
			defaultConfigurationName = Release;
		};
		0F61C8F729FD340000447934 /* Build configuration list for PBXNativeTarget "fit3178_final_assessment" */ = {
			isa = XCConfigurationList;
			buildConfigurations = (
				0F61C8F829FD340000447934 /* Debug */,
				0F61C8F929FD340000447934 /* Release */,
			);
			defaultConfigurationIsVisible = 0;
			defaultConfigurationName = Release;
		};
		0F61C8FA29FD340000447934 /* Build configuration list for PBXNativeTarget "fit3178_final_assessmentTests" */ = {
			isa = XCConfigurationList;
			buildConfigurations = (
				0F61C8FB29FD340000447934 /* Debug */,
				0F61C8FC29FD340000447934 /* Release */,
			);
			defaultConfigurationIsVisible = 0;
			defaultConfigurationName = Release;
		};
		0F61C8FD29FD340000447934 /* Build configuration list for PBXNativeTarget "fit3178_final_assessmentUITests" */ = {
			isa = XCConfigurationList;
			buildConfigurations = (
				0F61C8FE29FD340000447934 /* Debug */,
				0F61C8FF29FD340000447934 /* Release */,
			);
			defaultConfigurationIsVisible = 0;
			defaultConfigurationName = Release;
		};
/* End XCConfigurationList section */

/* Begin XCRemoteSwiftPackageReference section */
		0F9C60492A0B5E7E0083B700 /* XCRemoteSwiftPackageReference "firebase-ios-sdk" */ = {
			isa = XCRemoteSwiftPackageReference;
			repositoryURL = "https://github.com/firebase/firebase-ios-sdk.git";
			requirement = {
				kind = upToNextMajorVersion;
				minimumVersion = 9.0.0;
			};
		};
/* End XCRemoteSwiftPackageReference section */

/* Begin XCSwiftPackageProductDependency section */
		0F9C604A2A0B5E7E0083B700 /* FirebaseAuth */ = {
			isa = XCSwiftPackageProductDependency;
			package = 0F9C60492A0B5E7E0083B700 /* XCRemoteSwiftPackageReference "firebase-ios-sdk" */;
			productName = FirebaseAuth;
		};
		0F9C604C2A0B5E7E0083B700 /* FirebaseFirestore */ = {
			isa = XCSwiftPackageProductDependency;
			package = 0F9C60492A0B5E7E0083B700 /* XCRemoteSwiftPackageReference "firebase-ios-sdk" */;
			productName = FirebaseFirestore;
		};
		0F9C604E2A0B5E7E0083B700 /* FirebaseFirestoreSwift */ = {
			isa = XCSwiftPackageProductDependency;
			package = 0F9C60492A0B5E7E0083B700 /* XCRemoteSwiftPackageReference "firebase-ios-sdk" */;
			productName = FirebaseFirestoreSwift;
		};
/* End XCSwiftPackageProductDependency section */

/* Begin XCVersionGroup section */
		0FA192492A032C15006EEB79 /* DataModel.xcdatamodeld */ = {
			isa = XCVersionGroup;
			children = (
				0FA1924A2A032C15006EEB79 /* DataModel.xcdatamodel */,
			);
			currentVersion = 0FA1924A2A032C15006EEB79 /* DataModel.xcdatamodel */;
			path = DataModel.xcdatamodeld;
			sourceTree = "<group>";
			versionGroupType = wrapper.xcdatamodel;
		};
/* End XCVersionGroup section */
	};
	rootObject = 0F61C8C529FD33FF00447934 /* Project object */;
}
